
Microsoft Visual Studio Solution File, Format Version 12.00
# Visual Studio Version 16
VisualStudioVersion = 16.0.31112.23
MinimumVisualStudioVersion = 10.0.40219.1
Project("{9A19103F-16F7-4668-BE54-9A1E7A4F7556}") = "GoRadio.Logic", "GoRadio.Logic\GoRadio.Logic.csproj", "{CB0643D0-6DA9-48C2-8CA6-016D9263FDB2}"
EndProject
Project("{9A19103F-16F7-4668-BE54-9A1E7A4F7556}") = "GoRadio.Blazor", "GoRadio.Blazor\GoRadio.Blazor.csproj", "{D068E6BE-BDA3-4D34-A7E7-B708D8B90B70}"
EndProject
Global
	GlobalSection(SolutionConfigurationPlatforms) = preSolution
		Debug|Any CPU = Debug|Any CPU
		Debug|arm64 = Debug|arm64
		Debug|x64 = Debug|x64
		Debug|x86 = Debug|x86
		Release|Any CPU = Release|Any CPU
		Release|arm64 = Release|arm64
		Release|x64 = Release|x64
		Release|x86 = Release|x86
	EndGlobalSection
	GlobalSection(ProjectConfigurationPlatforms) = postSolution
		{CB0643D0-6DA9-48C2-8CA6-016D9263FDB2}.Debug|Any CPU.ActiveCfg = Debug|Any CPU
		{CB0643D0-6DA9-48C2-8CA6-016D9263FDB2}.Debug|Any CPU.Build.0 = Debug|Any CPU
		{CB0643D0-6DA9-48C2-8CA6-016D9263FDB2}.Debug|arm64.ActiveCfg = Debug|Any CPU
		{CB0643D0-6DA9-48C2-8CA6-016D9263FDB2}.Debug|arm64.Build.0 = Debug|Any CPU
		{CB0643D0-6DA9-48C2-8CA6-016D9263FDB2}.Debug|x64.ActiveCfg = Debug|Any CPU
		{CB0643D0-6DA9-48C2-8CA6-016D9263FDB2}.Debug|x64.Build.0 = Debug|Any CPU
		{CB0643D0-6DA9-48C2-8CA6-016D9263FDB2}.Debug|x86.ActiveCfg = Debug|Any CPU
		{CB0643D0-6DA9-48C2-8CA6-016D9263FDB2}.Debug|x86.Build.0 = Debug|Any CPU
		{CB0643D0-6DA9-48C2-8CA6-016D9263FDB2}.Release|Any CPU.ActiveCfg = Release|Any CPU
		{CB0643D0-6DA9-48C2-8CA6-016D9263FDB2}.Release|Any CPU.Build.0 = Release|Any CPU
		{CB0643D0-6DA9-48C2-8CA6-016D9263FDB2}.Release|arm64.ActiveCfg = Release|Any CPU
		{CB0643D0-6DA9-48C2-8CA6-016D9263FDB2}.Release|arm64.Build.0 = Release|Any CPU
		{CB0643D0-6DA9-48C2-8CA6-016D9263FDB2}.Release|x64.ActiveCfg = Release|Any CPU
		{CB0643D0-6DA9-48C2-8CA6-016D9263FDB2}.Release|x64.Build.0 = Release|Any CPU
		{CB0643D0-6DA9-48C2-8CA6-016D9263FDB2}.Release|x86.ActiveCfg = Release|Any CPU
		{CB0643D0-6DA9-48C2-8CA6-016D9263FDB2}.Release|x86.Build.0 = Release|Any CPU
		{D068E6BE-BDA3-4D34-A7E7-B708D8B90B70}.Debug|Any CPU.ActiveCfg = Debug|Any CPU
		{D068E6BE-BDA3-4D34-A7E7-B708D8B90B70}.Debug|Any CPU.Build.0 = Debug|Any CPU
		{D068E6BE-BDA3-4D34-A7E7-B708D8B90B70}.Debug|arm64.ActiveCfg = Debug|Any CPU
		{D068E6BE-BDA3-4D34-A7E7-B708D8B90B70}.Debug|arm64.Build.0 = Debug|Any CPU
		{D068E6BE-BDA3-4D34-A7E7-B708D8B90B70}.Debug|x64.ActiveCfg = Debug|Any CPU
		{D068E6BE-BDA3-4D34-A7E7-B708D8B90B70}.Debug|x64.Build.0 = Debug|Any CPU
		{D068E6BE-BDA3-4D34-A7E7-B708D8B90B70}.Debug|x86.ActiveCfg = Debug|Any CPU
		{D068E6BE-BDA3-4D34-A7E7-B708D8B90B70}.Debug|x86.Build.0 = Debug|Any CPU
		{D068E6BE-BDA3-4D34-A7E7-B708D8B90B70}.Release|Any CPU.ActiveCfg = Release|Any CPU
		{D068E6BE-BDA3-4D34-A7E7-B708D8B90B70}.Release|Any CPU.Build.0 = Release|Any CPU
		{D068E6BE-BDA3-4D34-A7E7-B708D8B90B70}.Release|arm64.ActiveCfg = Release|Any CPU
		{D068E6BE-BDA3-4D34-A7E7-B708D8B90B70}.Release|arm64.Build.0 = Release|Any CPU
		{D068E6BE-BDA3-4D34-A7E7-B708D8B90B70}.Release|x64.ActiveCfg = Release|Any CPU
		{D068E6BE-BDA3-4D34-A7E7-B708D8B90B70}.Release|x64.Build.0 = Release|Any CPU
		{D068E6BE-BDA3-4D34-A7E7-B708D8B90B70}.Release|x86.ActiveCfg = Release|Any CPU
		{D068E6BE-BDA3-4D34-A7E7-B708D8B90B70}.Release|x86.Build.0 = Release|Any CPU
	EndGlobalSection
	GlobalSection(SolutionProperties) = preSolution
		HideSolutionNode = FALSE
	EndGlobalSection
	GlobalSection(ExtensibilityGlobals) = postSolution
		SolutionGuid = {B537EEF4-6108-4305-80D0-D8BB6D553772}
	EndGlobalSection
EndGlobal
